
Microsoft Visual Studio Solution File, Format Version 12.00
# Visual Studio 15
VisualStudioVersion = 15.0.28307.572
MinimumVisualStudioVersion = 10.0.40219.1
Project("{FAE04EC0-301F-11D3-BF4B-00C04F79EFBC}") = "MecanicaWeb", "MecanicaWeb\MecanicaWeb.csproj", "{AD91920A-1EB2-41E3-BDBE-3517992D7D02}"
EndProject
Global
	GlobalSection(SolutionConfigurationPlatforms) = preSolution
		Debug|Any CPU = Debug|Any CPU
		Release|Any CPU = Release|Any CPU
	EndGlobalSection
	GlobalSection(ProjectConfigurationPlatforms) = postSolution
		{AD91920A-1EB2-41E3-BDBE-3517992D7D02}.Debug|Any CPU.ActiveCfg = Debug|Any CPU
		{AD91920A-1EB2-41E3-BDBE-3517992D7D02}.Debug|Any CPU.Build.0 = Debug|Any CPU
		{AD91920A-1EB2-41E3-BDBE-3517992D7D02}.Release|Any CPU.ActiveCfg = Release|Any CPU
		{AD91920A-1EB2-41E3-BDBE-3517992D7D02}.Release|Any CPU.Build.0 = Release|Any CPU
	EndGlobalSection
	GlobalSection(SolutionProperties) = preSolution
		HideSolutionNode = FALSE
	EndGlobalSection
	GlobalSection(ExtensibilityGlobals) = postSolution
		SolutionGuid = {80686039-2BDB-4993-B00E-1D621007F7AE}
	EndGlobalSection
EndGlobal
